
Microsoft Visual Studio Solution File, Format Version 12.00
# Visual Studio Version 17
VisualStudioVersion = 17.11.35303.130
MinimumVisualStudioVersion = 10.0.40219.1
Project("{2150E333-8FDC-42A3-9474-1A3956D46DE8}") = "Task0", "Task0", "{F6142FD9-AD72-416D-9660-DD8C50B680D4}"
EndProject
Project("{9A19103F-16F7-4668-BE54-9A1E7A4F7556}") = "Tyuiu.MajdQadhi.Sprint1.Task0.V19", "Tyuiu.MajdQadhi.Sprint1.Task0.V19\Tyuiu.MajdQadhi.Sprint1.Task0.V19.csproj", "{8BFF3033-A215-46DE-92FD-FA07D9952836}"
EndProject
Project("{9A19103F-16F7-4668-BE54-9A1E7A4F7556}") = "Tyuiu.MajdQadhi.Sprint1.Task0.V19.Lib", "Tyuiu.MajdQadhi.Sprint1.Task0.V19.Lib\Tyuiu.MajdQadhi.Sprint1.Task0.V19.Lib.csproj", "{AAF27101-6AFA-4467-B968-C27556B0F541}"
EndProject
Project("{9A19103F-16F7-4668-BE54-9A1E7A4F7556}") = "Tyuiu.MajdQadhi.Sprint1.Task0.V19.Test", "Tyuiu.MajdQadhi.Sprint1.Task0.V19.Test\Tyuiu.MajdQadhi.Sprint1.Task0.V19.Test.csproj", "{5BFFD866-26A9-4055-A032-3B3E4847C676}"
EndProject
Project("{2150E333-8FDC-42A3-9474-1A3956D46DE8}") = "Task2", "Task2", "{6AF64329-C7BE-4B5D-8E32-B3FF3A659DBA}"
EndProject
Project("{9A19103F-16F7-4668-BE54-9A1E7A4F7556}") = "Tyuiu.MajdQadhi.Sprint1.Task2.V18", "Tyuiu.MajdQadhi.Sprint1.Task2.V18\Tyuiu.MajdQadhi.Sprint1.Task2.V18.csproj", "{2C18138D-C438-427B-87CE-C9C905803E80}"
EndProject
Project("{9A19103F-16F7-4668-BE54-9A1E7A4F7556}") = "Tyuiu.MajdQadhi.Sprint1.Task2.V18.Lib", "Tyuiu.MajdQadhi.Sprint1.Task2.V18.Lib\Tyuiu.MajdQadhi.Sprint1.Task2.V18.Lib.csproj", "{A04B9A4A-4199-4FF2-9AE4-FAAAB32EE93C}"
EndProject
Project("{9A19103F-16F7-4668-BE54-9A1E7A4F7556}") = "Tyuiu.MajdQadhi.Sprint1.Task2.V18.Test", "Tyuiu.MajdQadhi.Sprint1.Task2.V18.Test\Tyuiu.MajdQadhi.Sprint1.Task2.V18.Test.csproj", "{8C319BC9-631D-43B1-8222-B51F89760280}"
EndProject
Project("{2150E333-8FDC-42A3-9474-1A3956D46DE8}") = "Task3", "Task3", "{66ECB14C-B6C5-45AF-8AD0-A6D47B7B4F51}"
EndProject
Project("{9A19103F-16F7-4668-BE54-9A1E7A4F7556}") = "Tyuiu.MajdQadhi.Sprint1.Task3.V12", "Tyuiu.MajdQadhi.Sprint1.Task3.V12\Tyuiu.MajdQadhi.Sprint1.Task3.V12.csproj", "{DA47701B-E12A-42D3-907F-E6787D05D585}"
EndProject
Project("{9A19103F-16F7-4668-BE54-9A1E7A4F7556}") = "Tyuiu.MajdQadhi.Sprint1.Task3.V12.Lib", "Tyuiu.MajdQadhi.Sprint1.Task3.V12.Lib\Tyuiu.MajdQadhi.Sprint1.Task3.V12.Lib.csproj", "{551CBFEA-C5E1-4DB6-844C-2D6B4FC5E0D4}"
EndProject
Project("{9A19103F-16F7-4668-BE54-9A1E7A4F7556}") = "Tyuiu.MajdQadhi.Sprint1.Task3.V12.Test", "Tyuiu.MajdQadhi.Sprint1.Task3.V12.Test\Tyuiu.MajdQadhi.Sprint1.Task3.V12.Test.csproj", "{506C8462-B5E1-4B2E-90BB-E04D72F2D7A0}"
EndProject
Project("{2150E333-8FDC-42A3-9474-1A3956D46DE8}") = "Task1", "Task1", "{B75DAEA5-1B50-4E6E-850E-9AC6760DE159}"
EndProject
Project("{9A19103F-16F7-4668-BE54-9A1E7A4F7556}") = "Tyuiu.MajdQadhi.Sprint1.Task1.V6", "Tyuiu.MajdQadhi.Sprint1.Task1.V6\Tyuiu.MajdQadhi.Sprint1.Task1.V6.csproj", "{BE88554F-8EE7-496A-B9B1-EDEBE80D17C4}"
EndProject
Project("{9A19103F-16F7-4668-BE54-9A1E7A4F7556}") = "Tyuiu.MajdQadhi.Sprint1.Task1.V6.Lib", "Tyuiu.MajdQadhi.Sprint1.Task1.V6.Lib\Tyuiu.MajdQadhi.Sprint1.Task1.V6.Lib.csproj", "{6E20F586-286D-4FDF-8C1C-A60C450BCE70}"
EndProject
Project("{9A19103F-16F7-4668-BE54-9A1E7A4F7556}") = "Tyuiu.MajdQadhi.Sprint1.Task1.V6.Test", "Tyuiu.MajdQadhi.Sprint1.Task1.V6.Test\Tyuiu.MajdQadhi.Sprint1.Task1.V6.Test.csproj", "{C798B3D9-21A6-4171-AA8C-F9973F10838A}"
EndProject
Project("{2150E333-8FDC-42A3-9474-1A3956D46DE8}") = "Task4", "Task4", "{CF2953D0-3434-489D-BE84-017D78E996DB}"
EndProject
Project("{9A19103F-16F7-4668-BE54-9A1E7A4F7556}") = "Tyuiu.MajdQadhi.Sprint1.Task4.V26", "Tyuiu.MajdQadhi.Sprint1.Task4.V26\Tyuiu.MajdQadhi.Sprint1.Task4.V26.csproj", "{8C0ABBCE-F9F2-46B9-A4D0-69356924E57D}"
EndProject
Project("{9A19103F-16F7-4668-BE54-9A1E7A4F7556}") = "Tyuiu.MajdQadhi.Sprint1.Task4.V26.Lib", "Tyuiu.MajdQadhi.Sprint1.Task4.V26.Lib\Tyuiu.MajdQadhi.Sprint1.Task4.V26.Lib.csproj", "{1DC4FC2D-D92F-4434-A7A2-1B70935068F1}"
EndProject
Project("{9A19103F-16F7-4668-BE54-9A1E7A4F7556}") = "Tyuiu.MajdQadhi.Sprint1.Task4.V26.Test", "Tyuiu.MajdQadhi.Sprint1.Task4.V26.Test\Tyuiu.MajdQadhi.Sprint1.Task4.V26.Test.csproj", "{FEE01201-7F18-4292-A380-34617B004ED6}"
EndProject
Project("{2150E333-8FDC-42A3-9474-1A3956D46DE8}") = "Task5", "Task5", "{B61203AD-2AD1-40C6-B426-9BD01A28F573}"
EndProject
Project("{9A19103F-16F7-4668-BE54-9A1E7A4F7556}") = "Tyuiu.MajdQadhi.Sprint1.Task5.V4", "Tyuiu.MajdQadhi.Sprint1.Task5.V4\Tyuiu.MajdQadhi.Sprint1.Task5.V4.csproj", "{A86047C6-EFE7-4DE1-A848-B44203080872}"
EndProject
Project("{9A19103F-16F7-4668-BE54-9A1E7A4F7556}") = "Tyuiu.MajdQadhi.Sprint1.Task5.V4.Lib", "Tyuiu.MajdQadhi.Sprint1.Task5.V4.Lib\Tyuiu.MajdQadhi.Sprint1.Task5.V4.Lib.csproj", "{9557E986-5090-4625-A0C5-63B6C18BD991}"
EndProject
Project("{9A19103F-16F7-4668-BE54-9A1E7A4F7556}") = "Tyuiu.MajdQadhi.Sprint1.Task5.V4.Test", "Tyuiu.MajdQadhi.Sprint1.Task5.V4.Test\Tyuiu.MajdQadhi.Sprint1.Task5.V4.Test.csproj", "{6387E5ED-4A43-486D-9445-3354CF775B96}"
EndProject
Project("{2150E333-8FDC-42A3-9474-1A3956D46DE8}") = "Task6", "Task6", "{65434FD8-75B4-4EBC-AB86-70C8DA12B761}"
EndProject
Project("{FAE04EC0-301F-11D3-BF4B-00C04F79EFBC}") = "Tyuiu.MajdQadhi.Sprint1.Task6.V12", "Tyuiu.MajdQadhi.Sprint1.Task6.V12\Tyuiu.MajdQadhi.Sprint1.Task6.V12.csproj", "{326141EF-ABC1-479C-9415-CE875D738C5D}"
EndProject
Project("{FAE04EC0-301F-11D3-BF4B-00C04F79EFBC}") = "Tyuiu.MajdQadhi.Sprint1.Task6.V12.Lib", "Tyuiu.MajdQadhi.Sprint1.Task6.V12.Lib\Tyuiu.MajdQadhi.Sprint1.Task6.V12.Lib.csproj", "{B25AB776-D2DA-464A-B21A-43340C727EE7}"
EndProject
Project("{FAE04EC0-301F-11D3-BF4B-00C04F79EFBC}") = "Tyuiu.MajdQadhi.Sprint1.Task6.V12.Test", "Tyuiu.MajdQadhi.Sprint1.Task6.V12.Test\Tyuiu.MajdQadhi.Sprint1.Task6.V12.Test.csproj", "{DC22D92D-7323-4528-88FE-5B61E3610A31}"
EndProject
Project("{2150E333-8FDC-42A3-9474-1A3956D46DE8}") = "Task7", "Task7", "{5A065038-1CA3-4E5E-ADE0-5DAE186EB587}"
EndProject
Project("{FAE04EC0-301F-11D3-BF4B-00C04F79EFBC}") = "Tyuiu.MajdQadhi.Sprint1.Task7.V29", "Tyuiu.MajdQadhi.Sprint1.Task7.V29\Tyuiu.MajdQadhi.Sprint1.Task7.V29.csproj", "{C1F6B0CA-7DD9-4183-A172-47677BC0EBE3}"
EndProject
Project("{FAE04EC0-301F-11D3-BF4B-00C04F79EFBC}") = "Tyuiu.MajdQadhi.Sprint1.Task7.V29.Lib", "Tyuiu.MajdQadhi.Sprint1.Task7.V29.Lib\Tyuiu.MajdQadhi.Sprint1.Task7.V29.Lib.csproj", "{B077466D-D214-4C81-94E6-D0E6EBA0E8B1}"
EndProject
Project("{FAE04EC0-301F-11D3-BF4B-00C04F79EFBC}") = "Tyuiu.MajdQadhi.Sprint1.Task7.V29.Test", "Tyuiu.MajdQadhi.Sprint1.Task7.V29.Test\Tyuiu.MajdQadhi.Sprint1.Task7.V29.Test.csproj", "{7A4B24C2-FE6D-477A-9F80-1FD8D5BC756F}"
EndProject
Global
	GlobalSection(SolutionConfigurationPlatforms) = preSolution
		Debug|Any CPU = Debug|Any CPU
		Release|Any CPU = Release|Any CPU
	EndGlobalSection
	GlobalSection(ProjectConfigurationPlatforms) = postSolution
		{8BFF3033-A215-46DE-92FD-FA07D9952836}.Debug|Any CPU.ActiveCfg = Debug|Any CPU
		{8BFF3033-A215-46DE-92FD-FA07D9952836}.Debug|Any CPU.Build.0 = Debug|Any CPU
		{8BFF3033-A215-46DE-92FD-FA07D9952836}.Release|Any CPU.ActiveCfg = Release|Any CPU
		{8BFF3033-A215-46DE-92FD-FA07D9952836}.Release|Any CPU.Build.0 = Release|Any CPU
		{AAF27101-6AFA-4467-B968-C27556B0F541}.Debug|Any CPU.ActiveCfg = Debug|Any CPU
		{AAF27101-6AFA-4467-B968-C27556B0F541}.Debug|Any CPU.Build.0 = Debug|Any CPU
		{AAF27101-6AFA-4467-B968-C27556B0F541}.Release|Any CPU.ActiveCfg = Release|Any CPU
		{AAF27101-6AFA-4467-B968-C27556B0F541}.Release|Any CPU.Build.0 = Release|Any CPU
		{5BFFD866-26A9-4055-A032-3B3E4847C676}.Debug|Any CPU.ActiveCfg = Debug|Any CPU
		{5BFFD866-26A9-4055-A032-3B3E4847C676}.Debug|Any CPU.Build.0 = Debug|Any CPU
		{5BFFD866-26A9-4055-A032-3B3E4847C676}.Release|Any CPU.ActiveCfg = Release|Any CPU
		{5BFFD866-26A9-4055-A032-3B3E4847C676}.Release|Any CPU.Build.0 = Release|Any CPU
		{2C18138D-C438-427B-87CE-C9C905803E80}.Debug|Any CPU.ActiveCfg = Debug|Any CPU
		{2C18138D-C438-427B-87CE-C9C905803E80}.Debug|Any CPU.Build.0 = Debug|Any CPU
		{2C18138D-C438-427B-87CE-C9C905803E80}.Release|Any CPU.ActiveCfg = Release|Any CPU
		{2C18138D-C438-427B-87CE-C9C905803E80}.Release|Any CPU.Build.0 = Release|Any CPU
		{A04B9A4A-4199-4FF2-9AE4-FAAAB32EE93C}.Debug|Any CPU.ActiveCfg = Debug|Any CPU
		{A04B9A4A-4199-4FF2-9AE4-FAAAB32EE93C}.Debug|Any CPU.Build.0 = Debug|Any CPU
		{A04B9A4A-4199-4FF2-9AE4-FAAAB32EE93C}.Release|Any CPU.ActiveCfg = Release|Any CPU
		{A04B9A4A-4199-4FF2-9AE4-FAAAB32EE93C}.Release|Any CPU.Build.0 = Release|Any CPU
		{8C319BC9-631D-43B1-8222-B51F89760280}.Debug|Any CPU.ActiveCfg = Debug|Any CPU
		{8C319BC9-631D-43B1-8222-B51F89760280}.Debug|Any CPU.Build.0 = Debug|Any CPU
		{8C319BC9-631D-43B1-8222-B51F89760280}.Release|Any CPU.ActiveCfg = Release|Any CPU
		{8C319BC9-631D-43B1-8222-B51F89760280}.Release|Any CPU.Build.0 = Release|Any CPU
		{DA47701B-E12A-42D3-907F-E6787D05D585}.Debug|Any CPU.ActiveCfg = Debug|Any CPU
		{DA47701B-E12A-42D3-907F-E6787D05D585}.Debug|Any CPU.Build.0 = Debug|Any CPU
		{DA47701B-E12A-42D3-907F-E6787D05D585}.Release|Any CPU.ActiveCfg = Release|Any CPU
		{DA47701B-E12A-42D3-907F-E6787D05D585}.Release|Any CPU.Build.0 = Release|Any CPU
		{551CBFEA-C5E1-4DB6-844C-2D6B4FC5E0D4}.Debug|Any CPU.ActiveCfg = Debug|Any CPU
		{551CBFEA-C5E1-4DB6-844C-2D6B4FC5E0D4}.Debug|Any CPU.Build.0 = Debug|Any CPU
		{551CBFEA-C5E1-4DB6-844C-2D6B4FC5E0D4}.Release|Any CPU.ActiveCfg = Release|Any CPU
		{551CBFEA-C5E1-4DB6-844C-2D6B4FC5E0D4}.Release|Any CPU.Build.0 = Release|Any CPU
		{506C8462-B5E1-4B2E-90BB-E04D72F2D7A0}.Debug|Any CPU.ActiveCfg = Debug|Any CPU
		{506C8462-B5E1-4B2E-90BB-E04D72F2D7A0}.Debug|Any CPU.Build.0 = Debug|Any CPU
		{506C8462-B5E1-4B2E-90BB-E04D72F2D7A0}.Release|Any CPU.ActiveCfg = Release|Any CPU
		{506C8462-B5E1-4B2E-90BB-E04D72F2D7A0}.Release|Any CPU.Build.0 = Release|Any CPU
		{BE88554F-8EE7-496A-B9B1-EDEBE80D17C4}.Debug|Any CPU.ActiveCfg = Debug|Any CPU
		{BE88554F-8EE7-496A-B9B1-EDEBE80D17C4}.Debug|Any CPU.Build.0 = Debug|Any CPU
		{BE88554F-8EE7-496A-B9B1-EDEBE80D17C4}.Release|Any CPU.ActiveCfg = Release|Any CPU
		{BE88554F-8EE7-496A-B9B1-EDEBE80D17C4}.Release|Any CPU.Build.0 = Release|Any CPU
		{6E20F586-286D-4FDF-8C1C-A60C450BCE70}.Debug|Any CPU.ActiveCfg = Debug|Any CPU
		{6E20F586-286D-4FDF-8C1C-A60C450BCE70}.Debug|Any CPU.Build.0 = Debug|Any CPU
		{6E20F586-286D-4FDF-8C1C-A60C450BCE70}.Release|Any CPU.ActiveCfg = Release|Any CPU
		{6E20F586-286D-4FDF-8C1C-A60C450BCE70}.Release|Any CPU.Build.0 = Release|Any CPU
		{C798B3D9-21A6-4171-AA8C-F9973F10838A}.Debug|Any CPU.ActiveCfg = Debug|Any CPU
		{C798B3D9-21A6-4171-AA8C-F9973F10838A}.Debug|Any CPU.Build.0 = Debug|Any CPU
		{C798B3D9-21A6-4171-AA8C-F9973F10838A}.Release|Any CPU.ActiveCfg = Release|Any CPU
		{C798B3D9-21A6-4171-AA8C-F9973F10838A}.Release|Any CPU.Build.0 = Release|Any CPU
		{8C0ABBCE-F9F2-46B9-A4D0-69356924E57D}.Debug|Any CPU.ActiveCfg = Debug|Any CPU
		{8C0ABBCE-F9F2-46B9-A4D0-69356924E57D}.Debug|Any CPU.Build.0 = Debug|Any CPU
		{8C0ABBCE-F9F2-46B9-A4D0-69356924E57D}.Release|Any CPU.ActiveCfg = Release|Any CPU
		{8C0ABBCE-F9F2-46B9-A4D0-69356924E57D}.Release|Any CPU.Build.0 = Release|Any CPU
		{1DC4FC2D-D92F-4434-A7A2-1B70935068F1}.Debug|Any CPU.ActiveCfg = Debug|Any CPU
		{1DC4FC2D-D92F-4434-A7A2-1B70935068F1}.Debug|Any CPU.Build.0 = Debug|Any CPU
		{1DC4FC2D-D92F-4434-A7A2-1B70935068F1}.Release|Any CPU.ActiveCfg = Release|Any CPU
		{1DC4FC2D-D92F-4434-A7A2-1B70935068F1}.Release|Any CPU.Build.0 = Release|Any CPU
		{FEE01201-7F18-4292-A380-34617B004ED6}.Debug|Any CPU.ActiveCfg = Debug|Any CPU
		{FEE01201-7F18-4292-A380-34617B004ED6}.Debug|Any CPU.Build.0 = Debug|Any CPU
		{FEE01201-7F18-4292-A380-34617B004ED6}.Release|Any CPU.ActiveCfg = Release|Any CPU
		{FEE01201-7F18-4292-A380-34617B004ED6}.Release|Any CPU.Build.0 = Release|Any CPU
		{A86047C6-EFE7-4DE1-A848-B44203080872}.Debug|Any CPU.ActiveCfg = Debug|Any CPU
		{A86047C6-EFE7-4DE1-A848-B44203080872}.Debug|Any CPU.Build.0 = Debug|Any CPU
		{A86047C6-EFE7-4DE1-A848-B44203080872}.Release|Any CPU.ActiveCfg = Release|Any CPU
		{A86047C6-EFE7-4DE1-A848-B44203080872}.Release|Any CPU.Build.0 = Release|Any CPU
		{9557E986-5090-4625-A0C5-63B6C18BD991}.Debug|Any CPU.ActiveCfg = Debug|Any CPU
		{9557E986-5090-4625-A0C5-63B6C18BD991}.Debug|Any CPU.Build.0 = Debug|Any CPU
		{9557E986-5090-4625-A0C5-63B6C18BD991}.Release|Any CPU.ActiveCfg = Release|Any CPU
		{9557E986-5090-4625-A0C5-63B6C18BD991}.Release|Any CPU.Build.0 = Release|Any CPU
		{6387E5ED-4A43-486D-9445-3354CF775B96}.Debug|Any CPU.ActiveCfg = Debug|Any CPU
		{6387E5ED-4A43-486D-9445-3354CF775B96}.Debug|Any CPU.Build.0 = Debug|Any CPU
		{6387E5ED-4A43-486D-9445-3354CF775B96}.Release|Any CPU.ActiveCfg = Release|Any CPU
		{6387E5ED-4A43-486D-9445-3354CF775B96}.Release|Any CPU.Build.0 = Release|Any CPU
		{326141EF-ABC1-479C-9415-CE875D738C5D}.Debug|Any CPU.ActiveCfg = Debug|Any CPU
		{326141EF-ABC1-479C-9415-CE875D738C5D}.Debug|Any CPU.Build.0 = Debug|Any CPU
		{326141EF-ABC1-479C-9415-CE875D738C5D}.Release|Any CPU.ActiveCfg = Release|Any CPU
		{326141EF-ABC1-479C-9415-CE875D738C5D}.Release|Any CPU.Build.0 = Release|Any CPU
		{B25AB776-D2DA-464A-B21A-43340C727EE7}.Debug|Any CPU.ActiveCfg = Debug|Any CPU
		{B25AB776-D2DA-464A-B21A-43340C727EE7}.Debug|Any CPU.Build.0 = Debug|Any CPU
		{B25AB776-D2DA-464A-B21A-43340C727EE7}.Release|Any CPU.ActiveCfg = Release|Any CPU
		{B25AB776-D2DA-464A-B21A-43340C727EE7}.Release|Any CPU.Build.0 = Release|Any CPU
		{DC22D92D-7323-4528-88FE-5B61E3610A31}.Debug|Any CPU.ActiveCfg = Debug|Any CPU
		{DC22D92D-7323-4528-88FE-5B61E3610A31}.Debug|Any CPU.Build.0 = Debug|Any CPU
		{DC22D92D-7323-4528-88FE-5B61E3610A31}.Release|Any CPU.ActiveCfg = Release|Any CPU
		{DC22D92D-7323-4528-88FE-5B61E3610A31}.Release|Any CPU.Build.0 = Release|Any CPU
		{C1F6B0CA-7DD9-4183-A172-47677BC0EBE3}.Debug|Any CPU.ActiveCfg = Debug|Any CPU
		{C1F6B0CA-7DD9-4183-A172-47677BC0EBE3}.Debug|Any CPU.Build.0 = Debug|Any CPU
		{C1F6B0CA-7DD9-4183-A172-47677BC0EBE3}.Release|Any CPU.ActiveCfg = Release|Any CPU
		{C1F6B0CA-7DD9-4183-A172-47677BC0EBE3}.Release|Any CPU.Build.0 = Release|Any CPU
		{B077466D-D214-4C81-94E6-D0E6EBA0E8B1}.Debug|Any CPU.ActiveCfg = Debug|Any CPU
		{B077466D-D214-4C81-94E6-D0E6EBA0E8B1}.Debug|Any CPU.Build.0 = Debug|Any CPU
		{B077466D-D214-4C81-94E6-D0E6EBA0E8B1}.Release|Any CPU.ActiveCfg = Release|Any CPU
		{B077466D-D214-4C81-94E6-D0E6EBA0E8B1}.Release|Any CPU.Build.0 = Release|Any CPU
		{7A4B24C2-FE6D-477A-9F80-1FD8D5BC756F}.Debug|Any CPU.ActiveCfg = Debug|Any CPU
		{7A4B24C2-FE6D-477A-9F80-1FD8D5BC756F}.Debug|Any CPU.Build.0 = Debug|Any CPU
		{7A4B24C2-FE6D-477A-9F80-1FD8D5BC756F}.Release|Any CPU.ActiveCfg = Release|Any CPU
		{7A4B24C2-FE6D-477A-9F80-1FD8D5BC756F}.Release|Any CPU.Build.0 = Release|Any CPU
	EndGlobalSection
	GlobalSection(SolutionProperties) = preSolution
		HideSolutionNode = FALSE
	EndGlobalSection
	GlobalSection(NestedProjects) = preSolution
		{8BFF3033-A215-46DE-92FD-FA07D9952836} = {F6142FD9-AD72-416D-9660-DD8C50B680D4}
		{AAF27101-6AFA-4467-B968-C27556B0F541} = {F6142FD9-AD72-416D-9660-DD8C50B680D4}
		{5BFFD866-26A9-4055-A032-3B3E4847C676} = {F6142FD9-AD72-416D-9660-DD8C50B680D4}
		{2C18138D-C438-427B-87CE-C9C905803E80} = {6AF64329-C7BE-4B5D-8E32-B3FF3A659DBA}
		{A04B9A4A-4199-4FF2-9AE4-FAAAB32EE93C} = {6AF64329-C7BE-4B5D-8E32-B3FF3A659DBA}
		{8C319BC9-631D-43B1-8222-B51F89760280} = {6AF64329-C7BE-4B5D-8E32-B3FF3A659DBA}
		{DA47701B-E12A-42D3-907F-E6787D05D585} = {66ECB14C-B6C5-45AF-8AD0-A6D47B7B4F51}
		{551CBFEA-C5E1-4DB6-844C-2D6B4FC5E0D4} = {66ECB14C-B6C5-45AF-8AD0-A6D47B7B4F51}
		{506C8462-B5E1-4B2E-90BB-E04D72F2D7A0} = {66ECB14C-B6C5-45AF-8AD0-A6D47B7B4F51}
		{BE88554F-8EE7-496A-B9B1-EDEBE80D17C4} = {B75DAEA5-1B50-4E6E-850E-9AC6760DE159}
		{6E20F586-286D-4FDF-8C1C-A60C450BCE70} = {B75DAEA5-1B50-4E6E-850E-9AC6760DE159}
		{C798B3D9-21A6-4171-AA8C-F9973F10838A} = {B75DAEA5-1B50-4E6E-850E-9AC6760DE159}
		{8C0ABBCE-F9F2-46B9-A4D0-69356924E57D} = {CF2953D0-3434-489D-BE84-017D78E996DB}
		{1DC4FC2D-D92F-4434-A7A2-1B70935068F1} = {CF2953D0-3434-489D-BE84-017D78E996DB}
		{FEE01201-7F18-4292-A380-34617B004ED6} = {CF2953D0-3434-489D-BE84-017D78E996DB}
		{A86047C6-EFE7-4DE1-A848-B44203080872} = {B61203AD-2AD1-40C6-B426-9BD01A28F573}
		{9557E986-5090-4625-A0C5-63B6C18BD991} = {B61203AD-2AD1-40C6-B426-9BD01A28F573}
		{6387E5ED-4A43-486D-9445-3354CF775B96} = {B61203AD-2AD1-40C6-B426-9BD01A28F573}
		{326141EF-ABC1-479C-9415-CE875D738C5D} = {65434FD8-75B4-4EBC-AB86-70C8DA12B761}
		{B25AB776-D2DA-464A-B21A-43340C727EE7} = {65434FD8-75B4-4EBC-AB86-70C8DA12B761}
		{DC22D92D-7323-4528-88FE-5B61E3610A31} = {65434FD8-75B4-4EBC-AB86-70C8DA12B761}
		{C1F6B0CA-7DD9-4183-A172-47677BC0EBE3} = {5A065038-1CA3-4E5E-ADE0-5DAE186EB587}
		{B077466D-D214-4C81-94E6-D0E6EBA0E8B1} = {5A065038-1CA3-4E5E-ADE0-5DAE186EB587}
		{7A4B24C2-FE6D-477A-9F80-1FD8D5BC756F} = {5A065038-1CA3-4E5E-ADE0-5DAE186EB587}
	EndGlobalSection
	GlobalSection(ExtensibilityGlobals) = postSolution
		SolutionGuid = {EFF18145-FBC9-49F3-AFD9-F18F1074F7A5}
	EndGlobalSection
EndGlobal
