
Microsoft Visual Studio Solution File, Format Version 12.00
# Visual Studio Version 17
VisualStudioVersion = 17.11.35327.3
MinimumVisualStudioVersion = 10.0.40219.1
Project("{2150E333-8FDC-42A3-9474-1A3956D46DE8}") = "Task0", "Task0", "{B191399B-723F-4E7E-91F7-F7FFCBA9F1D1}"
EndProject
Project("{9A19103F-16F7-4668-BE54-9A1E7A4F7556}") = "Tyuiu.MajdQadhi.Sprint1.Task0.V19", "Tyuiu.MajdQadhi.Sprint1.Task0.V19\Tyuiu.MajdQadhi.Sprint1.Task0.V19.csproj", "{F1D70EAA-ABB0-42FD-A2C0-1487F5F46F94}"
EndProject
Project("{9A19103F-16F7-4668-BE54-9A1E7A4F7556}") = "Tyuiu.MajdQadhi.Sprint1.Task0.V19.Test", "Tyuiu.MajdQadhi.Sprint1.Task0.V19.Test\Tyuiu.MajdQadhi.Sprint1.Task0.V19.Test.csproj", "{B24364E2-FE1B-40B5-8754-A292D10CC905}"
EndProject
Project("{9A19103F-16F7-4668-BE54-9A1E7A4F7556}") = "Tyuiu.MajdQadhi.Sprint1.Task0.V19.Lib", "Tyuiu.MajdQadhi.Sprint1.Task0.V19.Lib\Tyuiu.MajdQadhi.Sprint1.Task0.V19.Lib.csproj", "{869A931D-26C2-4DF5-B2F3-1F75A28E68E3}"
EndProject
Project("{2150E333-8FDC-42A3-9474-1A3956D46DE8}") = "Task1", "Task1", "{47682569-0B24-4D7C-844A-5AB0122F7B6F}"
EndProject
Project("{9A19103F-16F7-4668-BE54-9A1E7A4F7556}") = "Tyuiu.MajdQadhi.Sprint1.Task1.V6", "Tyuiu.MajdQadhi.Sprint1.Task1.V6\Tyuiu.MajdQadhi.Sprint1.Task1.V6.csproj", "{31B7FA44-2CD4-4B19-8859-1F0820E45295}"
EndProject
Project("{9A19103F-16F7-4668-BE54-9A1E7A4F7556}") = "Tyuiu.MajdQadhi.Sprint1.Task1.V6.Lib", "Tyuiu.MajdQadhi.Sprint1.Task1.V6.Lib\Tyuiu.MajdQadhi.Sprint1.Task1.V6.Lib.csproj", "{CD067C25-EE68-4F10-A7E0-E09538E3AB93}"
EndProject
Project("{9A19103F-16F7-4668-BE54-9A1E7A4F7556}") = "Tyuiu.MajdQadhi.Sprint1.Task1.V6.Test", "Tyuiu.MajdQadhi.Sprint1.Task1.V6.Test\Tyuiu.MajdQadhi.Sprint1.Task1.V6.Test.csproj", "{96566D42-6339-42D4-9EE4-54161420AE48}"
EndProject
Project("{2150E333-8FDC-42A3-9474-1A3956D46DE8}") = "Task2", "Task2", "{27F2B251-9871-46FE-B57B-8C6C0C3C5DB5}"
EndProject
Project("{9A19103F-16F7-4668-BE54-9A1E7A4F7556}") = "Tyuiu.MajdQadhi.Sprint1.Task2.V18", "Tyuiu.MajdQadhi.Sprint1.Task2.V18\Tyuiu.MajdQadhi.Sprint1.Task2.V18.csproj", "{4896F704-351B-4D67-9C4B-F2F3E033E06C}"
EndProject
Project("{9A19103F-16F7-4668-BE54-9A1E7A4F7556}") = "Tyuiu.MajdQadhi.Sprint1.Task2.V18.Lib", "Tyuiu.MajdQadhi.Sprint1.Task2.V18.Lib\Tyuiu.MajdQadhi.Sprint1.Task2.V18.Lib.csproj", "{E6538E1B-29E9-4F8D-9C35-7BFA5563F704}"
EndProject
Project("{9A19103F-16F7-4668-BE54-9A1E7A4F7556}") = "Tyuiu.MajdQadhi.Sprint1.Task2.V18.Test", "Tyuiu.MajdQadhi.Sprint1.Task2.V18.Test\Tyuiu.MajdQadhi.Sprint1.Task2.V18.Test.csproj", "{5EC8F18F-ECE6-4264-95D4-28868BA5D8DC}"
EndProject
Project("{2150E333-8FDC-42A3-9474-1A3956D46DE8}") = "Task3", "Task3", "{43DB9DFB-BD4F-4B05-B471-DF10A5676641}"
EndProject
Project("{FAE04EC0-301F-11D3-BF4B-00C04F79EFBC}") = "Tyuiu.MajdQadhi.Sprint1.Task3.V12", "Tyuiu.MajdQadhi.Sprint1.Task3.V12\Tyuiu.MajdQadhi.Sprint1.Task3.V12.csproj", "{20AC2F84-4E39-44CB-9304-F2BE9FE1BD84}"
EndProject
Project("{FAE04EC0-301F-11D3-BF4B-00C04F79EFBC}") = "Tyuiu.MajdQadhi.Sprint1.Task3.V12.Lib", "Tyuiu.MajdQadhi.Sprint1.Task3.V12.Lib\Tyuiu.MajdQadhi.Sprint1.Task3.V12.Lib.csproj", "{45BFD82A-56BB-4107-94E7-9CC97E4DAB7B}"
EndProject
Project("{FAE04EC0-301F-11D3-BF4B-00C04F79EFBC}") = "Tyuiu.MajdQadhi.Sprint1.Task3.V12.Test", "Tyuiu.MajdQadhi.Sprint1.Task3.V12.Test\Tyuiu.MajdQadhi.Sprint1.Task3.V12.Test.csproj", "{E9AB0F8A-F03C-4396-8A6C-EBE1D6928465}"
EndProject
Project("{2150E333-8FDC-42A3-9474-1A3956D46DE8}") = "Task4", "Task4", "{BFA4F553-2419-42AA-807F-BBD03E28FF60}"
EndProject
Project("{FAE04EC0-301F-11D3-BF4B-00C04F79EFBC}") = "Tyuiu.MajdQadhi.Sprint1.Task4.V26", "Tyuiu.MajdQadhi.Sprint1.Task4.V26\Tyuiu.MajdQadhi.Sprint1.Task4.V26.csproj", "{788DD781-09E2-47E3-B4DD-1EDFD594CE96}"
EndProject
Project("{FAE04EC0-301F-11D3-BF4B-00C04F79EFBC}") = "Tyuiu.MajdQadhi.Sprint1.Task4.V26.Test", "Tyuiu.MajdQadhi.Sprint1.Task4.V26.Test\Tyuiu.MajdQadhi.Sprint1.Task4.V26.Test.csproj", "{990B96E4-2171-4115-909A-124067BA0498}"
EndProject
Project("{FAE04EC0-301F-11D3-BF4B-00C04F79EFBC}") = "Tyuiu.MajdQadhi.Sprint1.Task4.V26.Lib", "Tyuiu.MajdQadhi.Sprint1.Task4.V26.Lib\Tyuiu.MajdQadhi.Sprint1.Task4.V26.Lib.csproj", "{B048A281-5AEC-4057-82D3-603C03FFDB17}"
EndProject
Project("{2150E333-8FDC-42A3-9474-1A3956D46DE8}") = "Task5", "Task5", "{27D3A56A-AB58-409B-BF16-0798A96C7723}"
EndProject
Project("{FAE04EC0-301F-11D3-BF4B-00C04F79EFBC}") = "Tyuiu.MajdQadhi.Sprint1.Task5.V4.Lib", "Tyuiu.MajdQadhi.Sprint1.Task5.V4.Lib\Tyuiu.MajdQadhi.Sprint1.Task5.V4.Lib.csproj", "{21562BEB-04D0-4466-A86A-5DA5D4AB71D0}"
EndProject
Project("{FAE04EC0-301F-11D3-BF4B-00C04F79EFBC}") = "Tyuiu.MajdQadhi.Sprint1.Task5.V4.Test", "Tyuiu.MajdQadhi.Sprint1.Task5.V4.Test\Tyuiu.MajdQadhi.Sprint1.Task5.V4.Test.csproj", "{6D32DC32-AD96-4A80-ADEA-4CC0785E3EDA}"
EndProject
Project("{FAE04EC0-301F-11D3-BF4B-00C04F79EFBC}") = "Tyuiu.MajdQadhi.Sprint1.Task5.V4", "Tyuiu.MajdQadhi.Sprint1.Task5.V4\Tyuiu.MajdQadhi.Sprint1.Task5.V4.csproj", "{778D0750-2CBE-4E7F-9E2B-45394D083D0D}"
EndProject
Project("{2150E333-8FDC-42A3-9474-1A3956D46DE8}") = "Task6", "Task6", "{9C63E5EF-9213-4AFA-81F0-E820F18F7114}"
EndProject
Project("{FAE04EC0-301F-11D3-BF4B-00C04F79EFBC}") = "Tyuiu.MajdQadhi.Sprint1.Task6.V12", "Tyuiu.MajdQadhi.Sprint1.Task6.V12\Tyuiu.MajdQadhi.Sprint1.Task6.V12.csproj", "{E11E5E44-8066-403D-B7AA-97FDBF62B5A8}"
EndProject
Project("{FAE04EC0-301F-11D3-BF4B-00C04F79EFBC}") = "Tyuiu.MajdQadhi.Sprint1.Task6.V12.Test", "Tyuiu.MajdQadhi.Sprint1.Task6.V12.Test\Tyuiu.MajdQadhi.Sprint1.Task6.V12.Test.csproj", "{A2214303-929A-4E81-A82E-87CEFEDAC4FE}"
EndProject
Project("{FAE04EC0-301F-11D3-BF4B-00C04F79EFBC}") = "Tyuiu.MajdQadhi.Sprint1.Task6.V12.Lib", "Tyuiu.MajdQadhi.Sprint1.Task6.V12.Lib\Tyuiu.MajdQadhi.Sprint1.Task6.V12.Lib.csproj", "{8343A2CF-0A11-4CA5-92BF-7D37A08345A2}"
EndProject
Project("{2150E333-8FDC-42A3-9474-1A3956D46DE8}") = "Task7", "Task7", "{4EEFF23B-C33D-45F1-AAB7-929FD082534A}"
EndProject
Project("{FAE04EC0-301F-11D3-BF4B-00C04F79EFBC}") = "Tyuiu.MajdQadhi.Sprint1.Task7.V29", "Tyuiu.MajdQadhi.Sprint1.Task7.V29\Tyuiu.MajdQadhi.Sprint1.Task7.V29.csproj", "{34E079A3-5D14-4A94-ABC0-75519BF0CB66}"
EndProject
Project("{FAE04EC0-301F-11D3-BF4B-00C04F79EFBC}") = "Tyuiu.MajdQadhi.Sprint1.Task7.V29.Lib", "Tyuiu.MajdQadhi.Sprint1.Task7.V29.Lib\Tyuiu.MajdQadhi.Sprint1.Task7.V29.Lib.csproj", "{A68ECA45-0F00-4C5D-9F0C-2170DD3EFE27}"
EndProject
Project("{FAE04EC0-301F-11D3-BF4B-00C04F79EFBC}") = "Tyuiu.MajdQadhi.Sprint1.Task7.V29.Test", "Tyuiu.MajdQadhi.Sprint1.Task7.V29.Test\Tyuiu.MajdQadhi.Sprint1.Task7.V29.Test.csproj", "{BA76EEAB-C2F2-4E5C-8BA9-DD35C5746CB4}"
EndProject
Global
	GlobalSection(SolutionConfigurationPlatforms) = preSolution
		Debug|Any CPU = Debug|Any CPU
		Release|Any CPU = Release|Any CPU
	EndGlobalSection
	GlobalSection(ProjectConfigurationPlatforms) = postSolution
		{F1D70EAA-ABB0-42FD-A2C0-1487F5F46F94}.Debug|Any CPU.ActiveCfg = Debug|Any CPU
		{F1D70EAA-ABB0-42FD-A2C0-1487F5F46F94}.Debug|Any CPU.Build.0 = Debug|Any CPU
		{F1D70EAA-ABB0-42FD-A2C0-1487F5F46F94}.Release|Any CPU.ActiveCfg = Release|Any CPU
		{F1D70EAA-ABB0-42FD-A2C0-1487F5F46F94}.Release|Any CPU.Build.0 = Release|Any CPU
		{B24364E2-FE1B-40B5-8754-A292D10CC905}.Debug|Any CPU.ActiveCfg = Debug|Any CPU
		{B24364E2-FE1B-40B5-8754-A292D10CC905}.Debug|Any CPU.Build.0 = Debug|Any CPU
		{B24364E2-FE1B-40B5-8754-A292D10CC905}.Release|Any CPU.ActiveCfg = Release|Any CPU
		{B24364E2-FE1B-40B5-8754-A292D10CC905}.Release|Any CPU.Build.0 = Release|Any CPU
		{869A931D-26C2-4DF5-B2F3-1F75A28E68E3}.Debug|Any CPU.ActiveCfg = Debug|Any CPU
		{869A931D-26C2-4DF5-B2F3-1F75A28E68E3}.Debug|Any CPU.Build.0 = Debug|Any CPU
		{869A931D-26C2-4DF5-B2F3-1F75A28E68E3}.Release|Any CPU.ActiveCfg = Release|Any CPU
		{869A931D-26C2-4DF5-B2F3-1F75A28E68E3}.Release|Any CPU.Build.0 = Release|Any CPU
		{31B7FA44-2CD4-4B19-8859-1F0820E45295}.Debug|Any CPU.ActiveCfg = Debug|Any CPU
		{31B7FA44-2CD4-4B19-8859-1F0820E45295}.Debug|Any CPU.Build.0 = Debug|Any CPU
		{31B7FA44-2CD4-4B19-8859-1F0820E45295}.Release|Any CPU.ActiveCfg = Release|Any CPU
		{31B7FA44-2CD4-4B19-8859-1F0820E45295}.Release|Any CPU.Build.0 = Release|Any CPU
		{CD067C25-EE68-4F10-A7E0-E09538E3AB93}.Debug|Any CPU.ActiveCfg = Debug|Any CPU
		{CD067C25-EE68-4F10-A7E0-E09538E3AB93}.Debug|Any CPU.Build.0 = Debug|Any CPU
		{CD067C25-EE68-4F10-A7E0-E09538E3AB93}.Release|Any CPU.ActiveCfg = Release|Any CPU
		{CD067C25-EE68-4F10-A7E0-E09538E3AB93}.Release|Any CPU.Build.0 = Release|Any CPU
		{96566D42-6339-42D4-9EE4-54161420AE48}.Debug|Any CPU.ActiveCfg = Debug|Any CPU
		{96566D42-6339-42D4-9EE4-54161420AE48}.Debug|Any CPU.Build.0 = Debug|Any CPU
		{96566D42-6339-42D4-9EE4-54161420AE48}.Release|Any CPU.ActiveCfg = Release|Any CPU
		{96566D42-6339-42D4-9EE4-54161420AE48}.Release|Any CPU.Build.0 = Release|Any CPU
		{4896F704-351B-4D67-9C4B-F2F3E033E06C}.Debug|Any CPU.ActiveCfg = Debug|Any CPU
		{4896F704-351B-4D67-9C4B-F2F3E033E06C}.Debug|Any CPU.Build.0 = Debug|Any CPU
		{4896F704-351B-4D67-9C4B-F2F3E033E06C}.Release|Any CPU.ActiveCfg = Release|Any CPU
		{4896F704-351B-4D67-9C4B-F2F3E033E06C}.Release|Any CPU.Build.0 = Release|Any CPU
		{E6538E1B-29E9-4F8D-9C35-7BFA5563F704}.Debug|Any CPU.ActiveCfg = Debug|Any CPU
		{E6538E1B-29E9-4F8D-9C35-7BFA5563F704}.Debug|Any CPU.Build.0 = Debug|Any CPU
		{E6538E1B-29E9-4F8D-9C35-7BFA5563F704}.Release|Any CPU.ActiveCfg = Release|Any CPU
		{E6538E1B-29E9-4F8D-9C35-7BFA5563F704}.Release|Any CPU.Build.0 = Release|Any CPU
		{5EC8F18F-ECE6-4264-95D4-28868BA5D8DC}.Debug|Any CPU.ActiveCfg = Debug|Any CPU
		{5EC8F18F-ECE6-4264-95D4-28868BA5D8DC}.Debug|Any CPU.Build.0 = Debug|Any CPU
		{5EC8F18F-ECE6-4264-95D4-28868BA5D8DC}.Release|Any CPU.ActiveCfg = Release|Any CPU
		{5EC8F18F-ECE6-4264-95D4-28868BA5D8DC}.Release|Any CPU.Build.0 = Release|Any CPU
		{20AC2F84-4E39-44CB-9304-F2BE9FE1BD84}.Debug|Any CPU.ActiveCfg = Debug|Any CPU
		{20AC2F84-4E39-44CB-9304-F2BE9FE1BD84}.Debug|Any CPU.Build.0 = Debug|Any CPU
		{20AC2F84-4E39-44CB-9304-F2BE9FE1BD84}.Release|Any CPU.ActiveCfg = Release|Any CPU
		{20AC2F84-4E39-44CB-9304-F2BE9FE1BD84}.Release|Any CPU.Build.0 = Release|Any CPU
		{45BFD82A-56BB-4107-94E7-9CC97E4DAB7B}.Debug|Any CPU.ActiveCfg = Debug|Any CPU
		{45BFD82A-56BB-4107-94E7-9CC97E4DAB7B}.Debug|Any CPU.Build.0 = Debug|Any CPU
		{45BFD82A-56BB-4107-94E7-9CC97E4DAB7B}.Release|Any CPU.ActiveCfg = Release|Any CPU
		{45BFD82A-56BB-4107-94E7-9CC97E4DAB7B}.Release|Any CPU.Build.0 = Release|Any CPU
		{E9AB0F8A-F03C-4396-8A6C-EBE1D6928465}.Debug|Any CPU.ActiveCfg = Debug|Any CPU
		{E9AB0F8A-F03C-4396-8A6C-EBE1D6928465}.Debug|Any CPU.Build.0 = Debug|Any CPU
		{E9AB0F8A-F03C-4396-8A6C-EBE1D6928465}.Release|Any CPU.ActiveCfg = Release|Any CPU
		{E9AB0F8A-F03C-4396-8A6C-EBE1D6928465}.Release|Any CPU.Build.0 = Release|Any CPU
		{788DD781-09E2-47E3-B4DD-1EDFD594CE96}.Debug|Any CPU.ActiveCfg = Debug|Any CPU
		{788DD781-09E2-47E3-B4DD-1EDFD594CE96}.Debug|Any CPU.Build.0 = Debug|Any CPU
		{788DD781-09E2-47E3-B4DD-1EDFD594CE96}.Release|Any CPU.ActiveCfg = Release|Any CPU
		{788DD781-09E2-47E3-B4DD-1EDFD594CE96}.Release|Any CPU.Build.0 = Release|Any CPU
		{990B96E4-2171-4115-909A-124067BA0498}.Debug|Any CPU.ActiveCfg = Debug|Any CPU
		{990B96E4-2171-4115-909A-124067BA0498}.Debug|Any CPU.Build.0 = Debug|Any CPU
		{990B96E4-2171-4115-909A-124067BA0498}.Release|Any CPU.ActiveCfg = Release|Any CPU
		{990B96E4-2171-4115-909A-124067BA0498}.Release|Any CPU.Build.0 = Release|Any CPU
		{B048A281-5AEC-4057-82D3-603C03FFDB17}.Debug|Any CPU.ActiveCfg = Debug|Any CPU
		{B048A281-5AEC-4057-82D3-603C03FFDB17}.Debug|Any CPU.Build.0 = Debug|Any CPU
		{B048A281-5AEC-4057-82D3-603C03FFDB17}.Release|Any CPU.ActiveCfg = Release|Any CPU
		{B048A281-5AEC-4057-82D3-603C03FFDB17}.Release|Any CPU.Build.0 = Release|Any CPU
		{21562BEB-04D0-4466-A86A-5DA5D4AB71D0}.Debug|Any CPU.ActiveCfg = Debug|Any CPU
		{21562BEB-04D0-4466-A86A-5DA5D4AB71D0}.Debug|Any CPU.Build.0 = Debug|Any CPU
		{21562BEB-04D0-4466-A86A-5DA5D4AB71D0}.Release|Any CPU.ActiveCfg = Release|Any CPU
		{21562BEB-04D0-4466-A86A-5DA5D4AB71D0}.Release|Any CPU.Build.0 = Release|Any CPU
		{6D32DC32-AD96-4A80-ADEA-4CC0785E3EDA}.Debug|Any CPU.ActiveCfg = Debug|Any CPU
		{6D32DC32-AD96-4A80-ADEA-4CC0785E3EDA}.Debug|Any CPU.Build.0 = Debug|Any CPU
		{6D32DC32-AD96-4A80-ADEA-4CC0785E3EDA}.Release|Any CPU.ActiveCfg = Release|Any CPU
		{6D32DC32-AD96-4A80-ADEA-4CC0785E3EDA}.Release|Any CPU.Build.0 = Release|Any CPU
		{778D0750-2CBE-4E7F-9E2B-45394D083D0D}.Debug|Any CPU.ActiveCfg = Debug|Any CPU
		{778D0750-2CBE-4E7F-9E2B-45394D083D0D}.Debug|Any CPU.Build.0 = Debug|Any CPU
		{778D0750-2CBE-4E7F-9E2B-45394D083D0D}.Release|Any CPU.ActiveCfg = Release|Any CPU
		{778D0750-2CBE-4E7F-9E2B-45394D083D0D}.Release|Any CPU.Build.0 = Release|Any CPU
		{E11E5E44-8066-403D-B7AA-97FDBF62B5A8}.Debug|Any CPU.ActiveCfg = Debug|Any CPU
		{E11E5E44-8066-403D-B7AA-97FDBF62B5A8}.Debug|Any CPU.Build.0 = Debug|Any CPU
		{E11E5E44-8066-403D-B7AA-97FDBF62B5A8}.Release|Any CPU.ActiveCfg = Release|Any CPU
		{E11E5E44-8066-403D-B7AA-97FDBF62B5A8}.Release|Any CPU.Build.0 = Release|Any CPU
		{A2214303-929A-4E81-A82E-87CEFEDAC4FE}.Debug|Any CPU.ActiveCfg = Debug|Any CPU
		{A2214303-929A-4E81-A82E-87CEFEDAC4FE}.Debug|Any CPU.Build.0 = Debug|Any CPU
		{A2214303-929A-4E81-A82E-87CEFEDAC4FE}.Release|Any CPU.ActiveCfg = Release|Any CPU
		{A2214303-929A-4E81-A82E-87CEFEDAC4FE}.Release|Any CPU.Build.0 = Release|Any CPU
		{8343A2CF-0A11-4CA5-92BF-7D37A08345A2}.Debug|Any CPU.ActiveCfg = Debug|Any CPU
		{8343A2CF-0A11-4CA5-92BF-7D37A08345A2}.Debug|Any CPU.Build.0 = Debug|Any CPU
		{8343A2CF-0A11-4CA5-92BF-7D37A08345A2}.Release|Any CPU.ActiveCfg = Release|Any CPU
		{8343A2CF-0A11-4CA5-92BF-7D37A08345A2}.Release|Any CPU.Build.0 = Release|Any CPU
		{34E079A3-5D14-4A94-ABC0-75519BF0CB66}.Debug|Any CPU.ActiveCfg = Debug|Any CPU
		{34E079A3-5D14-4A94-ABC0-75519BF0CB66}.Debug|Any CPU.Build.0 = Debug|Any CPU
		{34E079A3-5D14-4A94-ABC0-75519BF0CB66}.Release|Any CPU.ActiveCfg = Release|Any CPU
		{34E079A3-5D14-4A94-ABC0-75519BF0CB66}.Release|Any CPU.Build.0 = Release|Any CPU
		{A68ECA45-0F00-4C5D-9F0C-2170DD3EFE27}.Debug|Any CPU.ActiveCfg = Debug|Any CPU
		{A68ECA45-0F00-4C5D-9F0C-2170DD3EFE27}.Debug|Any CPU.Build.0 = Debug|Any CPU
		{A68ECA45-0F00-4C5D-9F0C-2170DD3EFE27}.Release|Any CPU.ActiveCfg = Release|Any CPU
		{A68ECA45-0F00-4C5D-9F0C-2170DD3EFE27}.Release|Any CPU.Build.0 = Release|Any CPU
		{BA76EEAB-C2F2-4E5C-8BA9-DD35C5746CB4}.Debug|Any CPU.ActiveCfg = Debug|Any CPU
		{BA76EEAB-C2F2-4E5C-8BA9-DD35C5746CB4}.Debug|Any CPU.Build.0 = Debug|Any CPU
		{BA76EEAB-C2F2-4E5C-8BA9-DD35C5746CB4}.Release|Any CPU.ActiveCfg = Release|Any CPU
		{BA76EEAB-C2F2-4E5C-8BA9-DD35C5746CB4}.Release|Any CPU.Build.0 = Release|Any CPU
	EndGlobalSection
	GlobalSection(SolutionProperties) = preSolution
		HideSolutionNode = FALSE
	EndGlobalSection
	GlobalSection(NestedProjects) = preSolution
		{F1D70EAA-ABB0-42FD-A2C0-1487F5F46F94} = {B191399B-723F-4E7E-91F7-F7FFCBA9F1D1}
		{B24364E2-FE1B-40B5-8754-A292D10CC905} = {B191399B-723F-4E7E-91F7-F7FFCBA9F1D1}
		{869A931D-26C2-4DF5-B2F3-1F75A28E68E3} = {B191399B-723F-4E7E-91F7-F7FFCBA9F1D1}
		{31B7FA44-2CD4-4B19-8859-1F0820E45295} = {47682569-0B24-4D7C-844A-5AB0122F7B6F}
		{CD067C25-EE68-4F10-A7E0-E09538E3AB93} = {47682569-0B24-4D7C-844A-5AB0122F7B6F}
		{96566D42-6339-42D4-9EE4-54161420AE48} = {47682569-0B24-4D7C-844A-5AB0122F7B6F}
		{4896F704-351B-4D67-9C4B-F2F3E033E06C} = {27F2B251-9871-46FE-B57B-8C6C0C3C5DB5}
		{E6538E1B-29E9-4F8D-9C35-7BFA5563F704} = {27F2B251-9871-46FE-B57B-8C6C0C3C5DB5}
		{5EC8F18F-ECE6-4264-95D4-28868BA5D8DC} = {27F2B251-9871-46FE-B57B-8C6C0C3C5DB5}
		{20AC2F84-4E39-44CB-9304-F2BE9FE1BD84} = {43DB9DFB-BD4F-4B05-B471-DF10A5676641}
		{45BFD82A-56BB-4107-94E7-9CC97E4DAB7B} = {43DB9DFB-BD4F-4B05-B471-DF10A5676641}
		{E9AB0F8A-F03C-4396-8A6C-EBE1D6928465} = {43DB9DFB-BD4F-4B05-B471-DF10A5676641}
		{788DD781-09E2-47E3-B4DD-1EDFD594CE96} = {BFA4F553-2419-42AA-807F-BBD03E28FF60}
		{990B96E4-2171-4115-909A-124067BA0498} = {BFA4F553-2419-42AA-807F-BBD03E28FF60}
		{B048A281-5AEC-4057-82D3-603C03FFDB17} = {BFA4F553-2419-42AA-807F-BBD03E28FF60}
		{21562BEB-04D0-4466-A86A-5DA5D4AB71D0} = {27D3A56A-AB58-409B-BF16-0798A96C7723}
		{6D32DC32-AD96-4A80-ADEA-4CC0785E3EDA} = {27D3A56A-AB58-409B-BF16-0798A96C7723}
		{778D0750-2CBE-4E7F-9E2B-45394D083D0D} = {27D3A56A-AB58-409B-BF16-0798A96C7723}
		{E11E5E44-8066-403D-B7AA-97FDBF62B5A8} = {9C63E5EF-9213-4AFA-81F0-E820F18F7114}
		{A2214303-929A-4E81-A82E-87CEFEDAC4FE} = {9C63E5EF-9213-4AFA-81F0-E820F18F7114}
		{8343A2CF-0A11-4CA5-92BF-7D37A08345A2} = {9C63E5EF-9213-4AFA-81F0-E820F18F7114}
		{34E079A3-5D14-4A94-ABC0-75519BF0CB66} = {4EEFF23B-C33D-45F1-AAB7-929FD082534A}
		{A68ECA45-0F00-4C5D-9F0C-2170DD3EFE27} = {4EEFF23B-C33D-45F1-AAB7-929FD082534A}
		{BA76EEAB-C2F2-4E5C-8BA9-DD35C5746CB4} = {4EEFF23B-C33D-45F1-AAB7-929FD082534A}
	EndGlobalSection
	GlobalSection(ExtensibilityGlobals) = postSolution
		SolutionGuid = {E9065EF7-09CE-4E79-B009-44C890602F14}
	EndGlobalSection
EndGlobal
